
Microsoft Visual Studio Solution File, Format Version 12.00
# Visual Studio Version 16
VisualStudioVersion = 16.0.31624.102
MinimumVisualStudioVersion = 10.0.40219.1
Project("{9A19103F-16F7-4668-BE54-9A1E7A4F7556}") = "AwesomeFont", "AwesomeFont\AwesomeFont.csproj", "{AFB55A37-5918-4E28-A4E2-579AE67EE20C}"
EndProject
Global
	GlobalSection(SolutionConfigurationPlatforms) = preSolution
		Debug|Any CPU = Debug|Any CPU
		Release|Any CPU = Release|Any CPU
	EndGlobalSection
	GlobalSection(ProjectConfigurationPlatforms) = postSolution
		{AFB55A37-5918-4E28-A4E2-579AE67EE20C}.Debug|Any CPU.ActiveCfg = Debug|Any CPU
		{AFB55A37-5918-4E28-A4E2-579AE67EE20C}.Debug|Any CPU.Build.0 = Debug|Any CPU
		{AFB55A37-5918-4E28-A4E2-579AE67EE20C}.Release|Any CPU.ActiveCfg = Release|Any CPU
		{AFB55A37-5918-4E28-A4E2-579AE67EE20C}.Release|Any CPU.Build.0 = Release|Any CPU
	EndGlobalSection
	GlobalSection(SolutionProperties) = preSolution
		HideSolutionNode = FALSE
	EndGlobalSection
	GlobalSection(ExtensibilityGlobals) = postSolution
		SolutionGuid = {56BE0F41-C9A0-484B-AD72-D6D07BFE42A6}
	EndGlobalSection
EndGlobal
